// !$*UTF8*$!
{
	archiveVersion = 1;
	classes = {
	};
	objectVersion = 56;
	objects = {

/* Begin PBXBuildFile section */
		01ABA22B2B43B98C0069B15A /* habit_trackerApp.swift in Sources */ = {isa = PBXBuildFile; fileRef = 01ABA22A2B43B98C0069B15A /* habit_trackerApp.swift */; };
		01ABA22D2B43B98C0069B15A /* ContentView.swift in Sources */ = {isa = PBXBuildFile; fileRef = 01ABA22C2B43B98C0069B15A /* ContentView.swift */; };
		01ABA22F2B43B98E0069B15A /* Assets.xcassets in Resources */ = {isa = PBXBuildFile; fileRef = 01ABA22E2B43B98E0069B15A /* Assets.xcassets */; };
		01ABA2322B43B98E0069B15A /* Preview Assets.xcassets in Resources */ = {isa = PBXBuildFile; fileRef = 01ABA2312B43B98E0069B15A /* Preview Assets.xcassets */; };
		01ABA23C2B43B98E0069B15A /* habit_trackerTests.swift in Sources */ = {isa = PBXBuildFile; fileRef = 01ABA23B2B43B98E0069B15A /* habit_trackerTests.swift */; };
		01ABA2462B43B98E0069B15A /* habit_trackerUITests.swift in Sources */ = {isa = PBXBuildFile; fileRef = 01ABA2452B43B98E0069B15A /* habit_trackerUITests.swift */; };
		01ABA2482B43B98E0069B15A /* habit_trackerUITestsLaunchTests.swift in Sources */ = {isa = PBXBuildFile; fileRef = 01ABA2472B43B98E0069B15A /* habit_trackerUITestsLaunchTests.swift */; };
/* End PBXBuildFile section */

/* Begin PBXContainerItemProxy section */
		01ABA2382B43B98E0069B15A /* PBXContainerItemProxy */ = {
			isa = PBXContainerItemProxy;
			containerPortal = 01ABA21F2B43B98C0069B15A /* Project object */;
			proxyType = 1;
			remoteGlobalIDString = 01ABA2262B43B98C0069B15A;
			remoteInfo = "habit tracker";
		};
		01ABA2422B43B98E0069B15A /* PBXContainerItemProxy */ = {
			isa = PBXContainerItemProxy;
			containerPortal = 01ABA21F2B43B98C0069B15A /* Project object */;
			proxyType = 1;
			remoteGlobalIDString = 01ABA2262B43B98C0069B15A;
			remoteInfo = "habit tracker";
		};
/* End PBXContainerItemProxy section */

/* Begin PBXFileReference section */
		01ABA2272B43B98C0069B15A /* habit tracker.app */ = {isa = PBXFileReference; explicitFileType = wrapper.application; includeInIndex = 0; path = "habit tracker.app"; sourceTree = BUILT_PRODUCTS_DIR; };
		01ABA22A2B43B98C0069B15A /* habit_trackerApp.swift */ = {isa = PBXFileReference; lastKnownFileType = sourcecode.swift; path = habit_trackerApp.swift; sourceTree = "<group>"; };
		01ABA22C2B43B98C0069B15A /* ContentView.swift */ = {isa = PBXFileReference; lastKnownFileType = sourcecode.swift; path = ContentView.swift; sourceTree = "<group>"; };
		01ABA22E2B43B98E0069B15A /* Assets.xcassets */ = {isa = PBXFileReference; lastKnownFileType = folder.assetcatalog; path = Assets.xcassets; sourceTree = "<group>"; };
		01ABA2312B43B98E0069B15A /* Preview Assets.xcassets */ = {isa = PBXFileReference; lastKnownFileType = folder.assetcatalog; path = "Preview Assets.xcassets"; sourceTree = "<group>"; };
		01ABA2372B43B98E0069B15A /* habit trackerTests.xctest */ = {isa = PBXFileReference; explicitFileType = wrapper.cfbundle; includeInIndex = 0; path = "habit trackerTests.xctest"; sourceTree = BUILT_PRODUCTS_DIR; };
		01ABA23B2B43B98E0069B15A /* habit_trackerTests.swift */ = {isa = PBXFileReference; lastKnownFileType = sourcecode.swift; path = habit_trackerTests.swift; sourceTree = "<group>"; };
		01ABA2412B43B98E0069B15A /* habit trackerUITests.xctest */ = {isa = PBXFileReference; explicitFileType = wrapper.cfbundle; includeInIndex = 0; path = "habit trackerUITests.xctest"; sourceTree = BUILT_PRODUCTS_DIR; };
		01ABA2452B43B98E0069B15A /* habit_trackerUITests.swift */ = {isa = PBXFileReference; lastKnownFileType = sourcecode.swift; path = habit_trackerUITests.swift; sourceTree = "<group>"; };
		01ABA2472B43B98E0069B15A /* habit_trackerUITestsLaunchTests.swift */ = {isa = PBXFileReference; lastKnownFileType = sourcecode.swift; path = habit_trackerUITestsLaunchTests.swift; sourceTree = "<group>"; };
/* End PBXFileReference section */

/* Begin PBXFrameworksBuildPhase section */
		01ABA2242B43B98C0069B15A /* Frameworks */ = {
			isa = PBXFrameworksBuildPhase;
			buildActionMask = 2147483647;
			files = (
			);
			runOnlyForDeploymentPostprocessing = 0;
		};
		01ABA2342B43B98E0069B15A /* Frameworks */ = {
			isa = PBXFrameworksBuildPhase;
			buildActionMask = 2147483647;
			files = (
			);
			runOnlyForDeploymentPostprocessing = 0;
		};
		01ABA23E2B43B98E0069B15A /* Frameworks */ = {
			isa = PBXFrameworksBuildPhase;
			buildActionMask = 2147483647;
			files = (
			);
			runOnlyForDeploymentPostprocessing = 0;
		};
/* End PBXFrameworksBuildPhase section */

/* Begin PBXGroup section */
		01ABA21E2B43B98C0069B15A = {
			isa = PBXGroup;
			children = (
				01ABA2292B43B98C0069B15A /* habit tracker */,
				01ABA23A2B43B98E0069B15A /* habit trackerTests */,
				01ABA2442B43B98E0069B15A /* habit trackerUITests */,
				01ABA2282B43B98C0069B15A /* Products */,
			);
			sourceTree = "<group>";
		};
		01ABA2282B43B98C0069B15A /* Products */ = {
			isa = PBXGroup;
			children = (
				01ABA2272B43B98C0069B15A /* habit tracker.app */,
				01ABA2372B43B98E0069B15A /* habit trackerTests.xctest */,
				01ABA2412B43B98E0069B15A /* habit trackerUITests.xctest */,
			);
			name = Products;
			sourceTree = "<group>";
		};
		01ABA2292B43B98C0069B15A /* habit tracker */ = {
			isa = PBXGroup;
			children = (
				01ABA22A2B43B98C0069B15A /* habit_trackerApp.swift */,
				01ABA22C2B43B98C0069B15A /* ContentView.swift */,
				01ABA22E2B43B98E0069B15A /* Assets.xcassets */,
				01ABA2302B43B98E0069B15A /* Preview Content */,
			);
			path = "habit tracker";
			sourceTree = "<group>";
		};
		01ABA2302B43B98E0069B15A /* Preview Content */ = {
			isa = PBXGroup;
			children = (
				01ABA2312B43B98E0069B15A /* Preview Assets.xcassets */,
			);
			path = "Preview Content";
			sourceTree = "<group>";
		};
		01ABA23A2B43B98E0069B15A /* habit trackerTests */ = {
			isa = PBXGroup;
			children = (
				01ABA23B2B43B98E0069B15A /* habit_trackerTests.swift */,
			);
			path = "habit trackerTests";
			sourceTree = "<group>";
		};
		01ABA2442B43B98E0069B15A /* habit trackerUITests */ = {
			isa = PBXGroup;
			children = (
				01ABA2452B43B98E0069B15A /* habit_trackerUITests.swift */,
				01ABA2472B43B98E0069B15A /* habit_trackerUITestsLaunchTests.swift */,
			);
			path = "habit trackerUITests";
			sourceTree = "<group>";
		};
/* End PBXGroup section */

/* Begin PBXNativeTarget section */
		01ABA2262B43B98C0069B15A /* habit tracker */ = {
			isa = PBXNativeTarget;
			buildConfigurationList = 01ABA24B2B43B98E0069B15A /* Build configuration list for PBXNativeTarget "habit tracker" */;
			buildPhases = (
				01ABA2232B43B98C0069B15A /* Sources */,
				01ABA2242B43B98C0069B15A /* Frameworks */,
				01ABA2252B43B98C0069B15A /* Resources */,
			);
			buildRules = (
			);
			dependencies = (
			);
			name = "habit tracker";
			productName = "habit tracker";
			productReference = 01ABA2272B43B98C0069B15A /* habit tracker.app */;
			productType = "com.apple.product-type.application";
		};
		01ABA2362B43B98E0069B15A /* habit trackerTests */ = {
			isa = PBXNativeTarget;
			buildConfigurationList = 01ABA24E2B43B98E0069B15A /* Build configuration list for PBXNativeTarget "habit trackerTests" */;
			buildPhases = (
				01ABA2332B43B98E0069B15A /* Sources */,
				01ABA2342B43B98E0069B15A /* Frameworks */,
				01ABA2352B43B98E0069B15A /* Resources */,
			);
			buildRules = (
			);
			dependencies = (
				01ABA2392B43B98E0069B15A /* PBXTargetDependency */,
			);
			name = "habit trackerTests";
			productName = "habit trackerTests";
			productReference = 01ABA2372B43B98E0069B15A /* habit trackerTests.xctest */;
			productType = "com.apple.product-type.bundle.unit-test";
		};
		01ABA2402B43B98E0069B15A /* habit trackerUITests */ = {
			isa = PBXNativeTarget;
			buildConfigurationList = 01ABA2512B43B98E0069B15A /* Build configuration list for PBXNativeTarget "habit trackerUITests" */;
			buildPhases = (
				01ABA23D2B43B98E0069B15A /* Sources */,
				01ABA23E2B43B98E0069B15A /* Frameworks */,
				01ABA23F2B43B98E0069B15A /* Resources */,
			);
			buildRules = (
			);
			dependencies = (
				01ABA2432B43B98E0069B15A /* PBXTargetDependency */,
			);
			name = "habit trackerUITests";
			productName = "habit trackerUITests";
			productReference = 01ABA2412B43B98E0069B15A /* habit trackerUITests.xctest */;
			productType = "com.apple.product-type.bundle.ui-testing";
		};
/* End PBXNativeTarget section */

/* Begin PBXProject section */
		01ABA21F2B43B98C0069B15A /* Project object */ = {
			isa = PBXProject;
			attributes = {
				BuildIndependentTargetsInParallel = 1;
				LastSwiftUpdateCheck = 1510;
				LastUpgradeCheck = 1510;
				TargetAttributes = {
					01ABA2262B43B98C0069B15A = {
						CreatedOnToolsVersion = 15.1;
					};
					01ABA2362B43B98E0069B15A = {
						CreatedOnToolsVersion = 15.1;
						TestTargetID = 01ABA2262B43B98C0069B15A;
					};
					01ABA2402B43B98E0069B15A = {
						CreatedOnToolsVersion = 15.1;
						TestTargetID = 01ABA2262B43B98C0069B15A;
					};
				};
			};
			buildConfigurationList = 01ABA2222B43B98C0069B15A /* Build configuration list for PBXProject "habit tracker" */;
			compatibilityVersion = "Xcode 14.0";
			developmentRegion = en;
			hasScannedForEncodings = 0;
			knownRegions = (
				en,
				Base,
			);
			mainGroup = 01ABA21E2B43B98C0069B15A;
			productRefGroup = 01ABA2282B43B98C0069B15A /* Products */;
			projectDirPath = "";
			projectRoot = "";
			targets = (
				01ABA2262B43B98C0069B15A /* habit tracker */,
				01ABA2362B43B98E0069B15A /* habit trackerTests */,
				01ABA2402B43B98E0069B15A /* habit trackerUITests */,
			);
		};
/* End PBXProject section */

/* Begin PBXResourcesBuildPhase section */
		01ABA2252B43B98C0069B15A /* Resources */ = {
			isa = PBXResourcesBuildPhase;
			buildActionMask = 2147483647;
			files = (
				01ABA2322B43B98E0069B15A /* Preview Assets.xcassets in Resources */,
				01ABA22F2B43B98E0069B15A /* Assets.xcassets in Resources */,
			);
			runOnlyForDeploymentPostprocessing = 0;
		};
		01ABA2352B43B98E0069B15A /* Resources */ = {
			isa = PBXResourcesBuildPhase;
			buildActionMask = 2147483647;
			files = (
			);
			runOnlyForDeploymentPostprocessing = 0;
		};
		01ABA23F2B43B98E0069B15A /* Resources */ = {
			isa = PBXResourcesBuildPhase;
			buildActionMask = 2147483647;
			files = (
			);
			runOnlyForDeploymentPostprocessing = 0;
		};
/* End PBXResourcesBuildPhase section */

/* Begin PBXSourcesBuildPhase section */
		01ABA2232B43B98C0069B15A /* Sources */ = {
			isa = PBXSourcesBuildPhase;
			buildActionMask = 2147483647;
			files = (
				01ABA22D2B43B98C0069B15A /* ContentView.swift in Sources */,
				01ABA22B2B43B98C0069B15A /* habit_trackerApp.swift in Sources */,
			);
			runOnlyForDeploymentPostprocessing = 0;
		};
		01ABA2332B43B98E0069B15A /* Sources */ = {
			isa = PBXSourcesBuildPhase;
			buildActionMask = 2147483647;
			files = (
				01ABA23C2B43B98E0069B15A /* habit_trackerTests.swift in Sources */,
			);
			runOnlyForDeploymentPostprocessing = 0;
		};
		01ABA23D2B43B98E0069B15A /* Sources */ = {
			isa = PBXSourcesBuildPhase;
			buildActionMask = 2147483647;
			files = (
				01ABA2482B43B98E0069B15A /* habit_trackerUITestsLaunchTests.swift in Sources */,
				01ABA2462B43B98E0069B15A /* habit_trackerUITests.swift in Sources */,
			);
			runOnlyForDeploymentPostprocessing = 0;
		};
/* End PBXSourcesBuildPhase section */

/* Begin PBXTargetDependency section */
		01ABA2392B43B98E0069B15A /* PBXTargetDependency */ = {
			isa = PBXTargetDependency;
			target = 01ABA2262B43B98C0069B15A /* habit tracker */;
			targetProxy = 01ABA2382B43B98E0069B15A /* PBXContainerItemProxy */;
		};
		01ABA2432B43B98E0069B15A /* PBXTargetDependency */ = {
			isa = PBXTargetDependency;
			target = 01ABA2262B43B98C0069B15A /* habit tracker */;
			targetProxy = 01ABA2422B43B98E0069B15A /* PBXContainerItemProxy */;
		};
/* End PBXTargetDependency section */

/* Begin XCBuildConfiguration section */
		01ABA2492B43B98E0069B15A /* Debug */ = {
			isa = XCBuildConfiguration;
			buildSettings = {
				ALWAYS_SEARCH_USER_PATHS = NO;
				ASSETCATALOG_COMPILER_GENERATE_SWIFT_ASSET_SYMBOL_EXTENSIONS = YES;
				CLANG_ANALYZER_NONNULL = YES;
				CLANG_ANALYZER_NUMBER_OBJECT_CONVERSION = YES_AGGRESSIVE;
				CLANG_CXX_LANGUAGE_STANDARD = "gnu++20";
				CLANG_ENABLE_MODULES = YES;
				CLANG_ENABLE_OBJC_ARC = YES;
				CLANG_ENABLE_OBJC_WEAK = YES;
				CLANG_WARN_BLOCK_CAPTURE_AUTORELEASING = YES;
				CLANG_WARN_BOOL_CONVERSION = YES;
				CLANG_WARN_COMMA = YES;
				CLANG_WARN_CONSTANT_CONVERSION = YES;
				CLANG_WARN_DEPRECATED_OBJC_IMPLEMENTATIONS = YES;
				CLANG_WARN_DIRECT_OBJC_ISA_USAGE = YES_ERROR;
				CLANG_WARN_DOCUMENTATION_COMMENTS = YES;
				CLANG_WARN_EMPTY_BODY = YES;
				CLANG_WARN_ENUM_CONVERSION = YES;
				CLANG_WARN_INFINITE_RECURSION = YES;
				CLANG_WARN_INT_CONVERSION = YES;
				CLANG_WARN_NON_LITERAL_NULL_CONVERSION = YES;
				CLANG_WARN_OBJC_IMPLICIT_RETAIN_SELF = YES;
				CLANG_WARN_OBJC_LITERAL_CONVERSION = YES;
				CLANG_WARN_OBJC_ROOT_CLASS = YES_ERROR;
				CLANG_WARN_QUOTED_INCLUDE_IN_FRAMEWORK_HEADER = YES;
				CLANG_WARN_RANGE_LOOP_ANALYSIS = YES;
				CLANG_WARN_STRICT_PROTOTYPES = YES;
				CLANG_WARN_SUSPICIOUS_MOVE = YES;
				CLANG_WARN_UNGUARDED_AVAILABILITY = YES_AGGRESSIVE;
				CLANG_WARN_UNREACHABLE_CODE = YES;
				CLANG_WARN__DUPLICATE_METHOD_MATCH = YES;
				COPY_PHASE_STRIP = NO;
				DEBUG_INFORMATION_FORMAT = dwarf;
				ENABLE_STRICT_OBJC_MSGSEND = YES;
				ENABLE_TESTABILITY = YES;
				ENABLE_USER_SCRIPT_SANDBOXING = YES;
				GCC_C_LANGUAGE_STANDARD = gnu17;
				GCC_DYNAMIC_NO_PIC = NO;
				GCC_NO_COMMON_BLOCKS = YES;
				GCC_OPTIMIZATION_LEVEL = 0;
				GCC_PREPROCESSOR_DEFINITIONS = (
					"DEBUG=1",
					"$(inherited)",
				);
				GCC_WARN_64_TO_32_BIT_CONVERSION = YES;
				GCC_WARN_ABOUT_RETURN_TYPE = YES_ERROR;
				GCC_WARN_UNDECLARED_SELECTOR = YES;
				GCC_WARN_UNINITIALIZED_AUTOS = YES_AGGRESSIVE;
				GCC_WARN_UNUSED_FUNCTION = YES;
				GCC_WARN_UNUSED_VARIABLE = YES;
				IPHONEOS_DEPLOYMENT_TARGET = 17.2;
				LOCALIZATION_PREFERS_STRING_CATALOGS = YES;
				MTL_ENABLE_DEBUG_INFO = INCLUDE_SOURCE;
				MTL_FAST_MATH = YES;
				ONLY_ACTIVE_ARCH = YES;
				SDKROOT = iphoneos;
				SWIFT_ACTIVE_COMPILATION_CONDITIONS = "DEBUG $(inherited)";
				SWIFT_OPTIMIZATION_LEVEL = "-Onone";
			};
			name = Debug;
		};
		01ABA24A2B43B98E0069B15A /* Release */ = {
			isa = XCBuildConfiguration;
			buildSettings = {
				ALWAYS_SEARCH_USER_PATHS = NO;
				ASSETCATALOG_COMPILER_GENERATE_SWIFT_ASSET_SYMBOL_EXTENSIONS = YES;
				CLANG_ANALYZER_NONNULL = YES;
				CLANG_ANALYZER_NUMBER_OBJECT_CONVERSION = YES_AGGRESSIVE;
				CLANG_CXX_LANGUAGE_STANDARD = "gnu++20";
				CLANG_ENABLE_MODULES = YES;
				CLANG_ENABLE_OBJC_ARC = YES;
				CLANG_ENABLE_OBJC_WEAK = YES;
				CLANG_WARN_BLOCK_CAPTURE_AUTORELEASING = YES;
				CLANG_WARN_BOOL_CONVERSION = YES;
				CLANG_WARN_COMMA = YES;
				CLANG_WARN_CONSTANT_CONVERSION = YES;
				CLANG_WARN_DEPRECATED_OBJC_IMPLEMENTATIONS = YES;
				CLANG_WARN_DIRECT_OBJC_ISA_USAGE = YES_ERROR;
				CLANG_WARN_DOCUMENTATION_COMMENTS = YES;
				CLANG_WARN_EMPTY_BODY = YES;
				CLANG_WARN_ENUM_CONVERSION = YES;
				CLANG_WARN_INFINITE_RECURSION = YES;
				CLANG_WARN_INT_CONVERSION = YES;
				CLANG_WARN_NON_LITERAL_NULL_CONVERSION = YES;
				CLANG_WARN_OBJC_IMPLICIT_RETAIN_SELF = YES;
				CLANG_WARN_OBJC_LITERAL_CONVERSION = YES;
				CLANG_WARN_OBJC_ROOT_CLASS = YES_ERROR;
				CLANG_WARN_QUOTED_INCLUDE_IN_FRAMEWORK_HEADER = YES;
				CLANG_WARN_RANGE_LOOP_ANALYSIS = YES;
				CLANG_WARN_STRICT_PROTOTYPES = YES;
				CLANG_WARN_SUSPICIOUS_MOVE = YES;
				CLANG_WARN_UNGUARDED_AVAILABILITY = YES_AGGRESSIVE;
				CLANG_WARN_UNREACHABLE_CODE = YES;
				CLANG_WARN__DUPLICATE_METHOD_MATCH = YES;
				COPY_PHASE_STRIP = NO;
				DEBUG_INFORMATION_FORMAT = "dwarf-with-dsym";
				ENABLE_NS_ASSERTIONS = NO;
				ENABLE_STRICT_OBJC_MSGSEND = YES;
				ENABLE_USER_SCRIPT_SANDBOXING = YES;
				GCC_C_LANGUAGE_STANDARD = gnu17;
				GCC_NO_COMMON_BLOCKS = YES;
				GCC_WARN_64_TO_32_BIT_CONVERSION = YES;
				GCC_WARN_ABOUT_RETURN_TYPE = YES_ERROR;
				GCC_WARN_UNDECLARED_SELECTOR = YES;
				GCC_WARN_UNINITIALIZED_AUTOS = YES_AGGRESSIVE;
				GCC_WARN_UNUSED_FUNCTION = YES;
				GCC_WARN_UNUSED_VARIABLE = YES;
				IPHONEOS_DEPLOYMENT_TARGET = 17.2;
				LOCALIZATION_PREFERS_STRING_CATALOGS = YES;
				MTL_ENABLE_DEBUG_INFO = NO;
				MTL_FAST_MATH = YES;
				SDKROOT = iphoneos;
				SWIFT_COMPILATION_MODE = wholemodule;
				VALIDATE_PRODUCT = YES;
			};
			name = Release;
		};
		01ABA24C2B43B98E0069B15A /* Debug */ = {
			isa = XCBuildConfiguration;
			buildSettings = {
				ASSETCATALOG_COMPILER_APPICON_NAME = AppIcon;
				ASSETCATALOG_COMPILER_GLOBAL_ACCENT_COLOR_NAME = AccentColor;
				CODE_SIGN_STYLE = Automatic;
				CURRENT_PROJECT_VERSION = 1;
				DEVELOPMENT_ASSET_PATHS = "\"habit tracker/Preview Content\"";
				DEVELOPMENT_TEAM = KKWNQ976FJ;
				ENABLE_PREVIEWS = YES;
				GENERATE_INFOPLIST_FILE = YES;
				INFOPLIST_KEY_UIApplicationSceneManifest_Generation = YES;
				INFOPLIST_KEY_UIApplicationSupportsIndirectInputEvents = YES;
				INFOPLIST_KEY_UILaunchScreen_Generation = YES;
				INFOPLIST_KEY_UISupportedInterfaceOrientations_iPad = "UIInterfaceOrientationPortrait UIInterfaceOrientationPortraitUpsideDown UIInterfaceOrientationLandscapeLeft UIInterfaceOrientationLandscapeRight";
				INFOPLIST_KEY_UISupportedInterfaceOrientations_iPhone = "UIInterfaceOrientationPortrait UIInterfaceOrientationLandscapeLeft UIInterfaceOrientationLandscapeRight";
				LD_RUNPATH_SEARCH_PATHS = (
					"$(inherited)",
					"@executable_path/Frameworks",
				);
				MARKETING_VERSION = 1.0;
				PRODUCT_BUNDLE_IDENTIFIER = "jocelyndb.habit-tracker";
				PRODUCT_NAME = "$(TARGET_NAME)";
				SWIFT_EMIT_LOC_STRINGS = YES;
				SWIFT_VERSION = 5.0;
				TARGETED_DEVICE_FAMILY = "1,2";
			};
			name = Debug;
		};
		01ABA24D2B43B98E0069B15A /* Release */ = {
			isa = XCBuildConfiguration;
			buildSettings = {
				ASSETCATALOG_COMPILER_APPICON_NAME = AppIcon;
				ASSETCATALOG_COMPILER_GLOBAL_ACCENT_COLOR_NAME = AccentColor;
				CODE_SIGN_STYLE = Automatic;
				CURRENT_PROJECT_VERSION = 1;
				DEVELOPMENT_ASSET_PATHS = "\"habit tracker/Preview Content\"";
				DEVELOPMENT_TEAM = KKWNQ976FJ;
				ENABLE_PREVIEWS = YES;
				GENERATE_INFOPLIST_FILE = YES;
				INFOPLIST_KEY_UIApplicationSceneManifest_Generation = YES;
				INFOPLIST_KEY_UIApplicationSupportsIndirectInputEvents = YES;
				INFOPLIST_KEY_UILaunchScreen_Generation = YES;
				INFOPLIST_KEY_UISupportedInterfaceOrientations_iPad = "UIInterfaceOrientationPortrait UIInterfaceOrientationPortraitUpsideDown UIInterfaceOrientationLandscapeLeft UIInterfaceOrientationLandscapeRight";
				INFOPLIST_KEY_UISupportedInterfaceOrientations_iPhone = "UIInterfaceOrientationPortrait UIInterfaceOrientationLandscapeLeft UIInterfaceOrientationLandscapeRight";
				LD_RUNPATH_SEARCH_PATHS = (
					"$(inherited)",
					"@executable_path/Frameworks",
				);
				MARKETING_VERSION = 1.0;
				PRODUCT_BUNDLE_IDENTIFIER = "jocelyndb.habit-tracker";
				PRODUCT_NAME = "$(TARGET_NAME)";
				SWIFT_EMIT_LOC_STRINGS = YES;
				SWIFT_VERSION = 5.0;
				TARGETED_DEVICE_FAMILY = "1,2";
			};
			name = Release;
		};
		01ABA24F2B43B98E0069B15A /* Debug */ = {
			isa = XCBuildConfiguration;
			buildSettings = {
				ALWAYS_EMBED_SWIFT_STANDARD_LIBRARIES = YES;
				BUNDLE_LOADER = "$(TEST_HOST)";
				CODE_SIGN_STYLE = Automatic;
				CURRENT_PROJECT_VERSION = 1;
				DEVELOPMENT_TEAM = KKWNQ976FJ;
				GENERATE_INFOPLIST_FILE = YES;
				IPHONEOS_DEPLOYMENT_TARGET = 17.2;
				MARKETING_VERSION = 1.0;
				PRODUCT_BUNDLE_IDENTIFIER = "jocelyndb.habit-trackerTests";
				PRODUCT_NAME = "$(TARGET_NAME)";
				SWIFT_EMIT_LOC_STRINGS = NO;
				SWIFT_VERSION = 5.0;
				TARGETED_DEVICE_FAMILY = "1,2";
				TEST_HOST = "$(BUILT_PRODUCTS_DIR)/habit tracker.app/$(BUNDLE_EXECUTABLE_FOLDER_PATH)/habit tracker";
			};
			name = Debug;
		};
		01ABA2502B43B98E0069B15A /* Release */ = {
			isa = XCBuildConfiguration;
			buildSettings = {
				ALWAYS_EMBED_SWIFT_STANDARD_LIBRARIES = YES;
				BUNDLE_LOADER = "$(TEST_HOST)";
				CODE_SIGN_STYLE = Automatic;
				CURRENT_PROJECT_VERSION = 1;
				DEVELOPMENT_TEAM = KKWNQ976FJ;
				GENERATE_INFOPLIST_FILE = YES;
				IPHONEOS_DEPLOYMENT_TARGET = 17.2;
				MARKETING_VERSION = 1.0;
				PRODUCT_BUNDLE_IDENTIFIER = "jocelyndb.habit-trackerTests";
				PRODUCT_NAME = "$(TARGET_NAME)";
				SWIFT_EMIT_LOC_STRINGS = NO;
				SWIFT_VERSION = 5.0;
				TARGETED_DEVICE_FAMILY = "1,2";
				TEST_HOST = "$(BUILT_PRODUCTS_DIR)/habit tracker.app/$(BUNDLE_EXECUTABLE_FOLDER_PATH)/habit tracker";
			};
			name = Release;
		};
		01ABA2522B43B98E0069B15A /* Debug */ = {
			isa = XCBuildConfiguration;
			buildSettings = {
				ALWAYS_EMBED_SWIFT_STANDARD_LIBRARIES = YES;
				CODE_SIGN_STYLE = Automatic;
				CURRENT_PROJECT_VERSION = 1;
				DEVELOPMENT_TEAM = KKWNQ976FJ;
				GENERATE_INFOPLIST_FILE = YES;
				MARKETING_VERSION = 1.0;
				PRODUCT_BUNDLE_IDENTIFIER = "jocelyndb.habit-trackerUITests";
				PRODUCT_NAME = "$(TARGET_NAME)";
				SWIFT_EMIT_LOC_STRINGS = NO;
				SWIFT_VERSION = 5.0;
				TARGETED_DEVICE_FAMILY = "1,2";
				TEST_TARGET_NAME = "habit tracker";
			};
			name = Debug;
		};
		01ABA2532B43B98E0069B15A /* Release */ = {
			isa = XCBuildConfiguration;
			buildSettings = {
				ALWAYS_EMBED_SWIFT_STANDARD_LIBRARIES = YES;
				CODE_SIGN_STYLE = Automatic;
				CURRENT_PROJECT_VERSION = 1;
				DEVELOPMENT_TEAM = KKWNQ976FJ;
				GENERATE_INFOPLIST_FILE = YES;
				MARKETING_VERSION = 1.0;
				PRODUCT_BUNDLE_IDENTIFIER = "jocelyndb.habit-trackerUITests";
				PRODUCT_NAME = "$(TARGET_NAME)";
				SWIFT_EMIT_LOC_STRINGS = NO;
				SWIFT_VERSION = 5.0;
				TARGETED_DEVICE_FAMILY = "1,2";
				TEST_TARGET_NAME = "habit tracker";
			};
			name = Release;
		};
/* End XCBuildConfiguration section */

/* Begin XCConfigurationList section */
		01ABA2222B43B98C0069B15A /* Build configuration list for PBXProject "habit tracker" */ = {
			isa = XCConfigurationList;
			buildConfigurations = (
				01ABA2492B43B98E0069B15A /* Debug */,
				01ABA24A2B43B98E0069B15A /* Release */,
			);
			defaultConfigurationIsVisible = 0;
			defaultConfigurationName = Release;
		};
		01ABA24B2B43B98E0069B15A /* Build configuration list for PBXNativeTarget "habit tracker" */ = {
			isa = XCConfigurationList;
			buildConfigurations = (
				01ABA24C2B43B98E0069B15A /* Debug */,
				01ABA24D2B43B98E0069B15A /* Release */,
			);
			defaultConfigurationIsVisible = 0;
			defaultConfigurationName = Release;
		};
		01ABA24E2B43B98E0069B15A /* Build configuration list for PBXNativeTarget "habit trackerTests" */ = {
			isa = XCConfigurationList;
			buildConfigurations = (
				01ABA24F2B43B98E0069B15A /* Debug */,
				01ABA2502B43B98E0069B15A /* Release */,
			);
			defaultConfigurationIsVisible = 0;
			defaultConfigurationName = Release;
		};
		01ABA2512B43B98E0069B15A /* Build configuration list for PBXNativeTarget "habit trackerUITests" */ = {
			isa = XCConfigurationList;
			buildConfigurations = (
				01ABA2522B43B98E0069B15A /* Debug */,
				01ABA2532B43B98E0069B15A /* Release */,
			);
			defaultConfigurationIsVisible = 0;
			defaultConfigurationName = Release;
		};
/* End XCConfigurationList section */
	};
	rootObject = 01ABA21F2B43B98C0069B15A /* Project object */;
}
